Microsoft Visual Studio Solution File, Format Version 12.00
# Visual Studio Version 17
VisualStudioVersion = 17.0.31815.197
MinimumVisualStudioVersion = 10.0.40219.1
Project("{2150E333-8FDC-42A3-9474-1A3956D46DE8}") = "Solution Items", "Solution Items", "{D025B521-EF89-40F9-8DF4-C1DA3D8D2EF5}"
	ProjectSection(SolutionItems) = preProject
		.gitignore = .gitignore
		azure-pipelines.yml = azure-pipelines.yml
		build.ps1 = build.ps1
		latest-changes.json = latest-changes.json
		latest-changes.ps1 = latest-changes.ps1
		License.md = License.md
		publish-image.ps1 = publish-image.ps1
		ReadMe.md = ReadMe.md
	EndProjectSection
EndProject
Project("{2150E333-8FDC-42A3-9474-1A3956D46DE8}") = "src", "src", "{423A20CE-5392-4973-8C90-C3BDEB319B05}"
	ProjectSection(SolutionItems) = preProject
		src\.dockerignore = src\.dockerignore
		src\Directory.Build.props = src\Directory.Build.props
	EndProjectSection
EndProject
Project("{9A19103F-16F7-4668-BE54-9A1E7A4F7556}") = "ChangeBlog.Api", "src\ChangeBlog.Api\ChangeBlog.Api.csproj", "{619C25E8-E2CB-4E62-8906-06C8209B7B2E}"
EndProject
Project("{9A19103F-16F7-4668-BE54-9A1E7A4F7556}") = "ChangeBlog.Domain", "src\ChangeBlog.Domain\ChangeBlog.Domain.csproj", "{AF17C458-DA61-444B-8FD1-2DA827873995}"
EndProject
Project("{9A19103F-16F7-4668-BE54-9A1E7A4F7556}") = "ChangeBlog.DataAccess.Postgres", "src\ChangeBlog.DataAccess.Postgres\ChangeBlog.DataAccess.Postgres.csproj", "{BB324F9A-369B-443E-880A-A504B39B7684}"
EndProject
Project("{9A19103F-16F7-4668-BE54-9A1E7A4F7556}") = "ChangeBlog.Application", "src\ChangeBlog.Application\ChangeBlog.Application.csproj", "{1199AF71-C574-4C62-AE37-4C53AADB1998}"
EndProject
Project("{2150E333-8FDC-42A3-9474-1A3956D46DE8}") = "tests", "tests", "{6277CDA3-825B-4CFF-9012-5B2934F75BE6}"
EndProject
Project("{9A19103F-16F7-4668-BE54-9A1E7A4F7556}") = "ChangeBlog.Api.Tests", "tests\ChangeBlog.Api.Tests\ChangeBlog.Api.Tests.csproj", "{A3DC1BD0-8ABC-40F6-8D59-D35A983E2E80}"
EndProject
Project("{9A19103F-16F7-4668-BE54-9A1E7A4F7556}") = "ChangeBlog.Application.Tests", "tests\ChangeBlog.Application.Tests\ChangeBlog.Application.Tests.csproj", "{ECD69F9D-4D99-47B3-876B-160895D276F4}"
EndProject
Project("{9A19103F-16F7-4668-BE54-9A1E7A4F7556}") = "ChangeBlog.DataAccess.Postgres.Tests", "tests\ChangeBlog.DataAccess.Postgres.Tests\ChangeBlog.DataAccess.Postgres.Tests.csproj", "{78BA5587-D5FC-4731-9668-B59FDFCD6BE6}"
EndProject
Project("{9A19103F-16F7-4668-BE54-9A1E7A4F7556}") = "ChangeBlog.Domain.Tests", "tests\ChangeBlog.Domain.Tests\ChangeBlog.Domain.Tests.csproj", "{F71B8E92-872E-499E-953A-6C1BD0DFB081}"
EndProject
Project("{6EC3EE1D-3C4E-46DD-8F32-0CC8E7565705}") = "ChangeBlog.DataAccess.Postgres.DbUpdater", "src\ChangeBlog.DataAccess.Postgres.DbUpdater\ChangeBlog.DataAccess.Postgres.DbUpdater.fsproj", "{A06DD069-5241-40DA-98D9-A9317B36A2C0}"
EndProject
Project("{9A19103F-16F7-4668-BE54-9A1E7A4F7556}") = "ChangeBlog.Management.Api", "src\ChangeBlog.Management.Api\ChangeBlog.Management.Api.csproj", "{F9A8EB60-2746-465B-BB1E-0196F3815125}"
EndProject
Project("{9A19103F-16F7-4668-BE54-9A1E7A4F7556}") = "ChangeBlog.Api.Shared", "src\ChangeBlog.Api.Shared\ChangeBlog.Api.Shared.csproj", "{2FEF9410-940C-4BC4-9D12-BAA3EAD787F1}"
EndProject
Project("{9A19103F-16F7-4668-BE54-9A1E7A4F7556}") = "ChangeBlog.Api.Shared.Tests", "tests\ChangeBlog.Api.Shared.Tests\ChangeBlog.Api.Shared.Tests.csproj", "{E59D8EDC-4D68-4857-9D4B-38B3F326542B}"
EndProject
Project("{9A19103F-16F7-4668-BE54-9A1E7A4F7556}") = "ChangeBlog.Management.Api.Tests", "tests\ChangeBlog.Management.Api.Tests\ChangeBlog.Management.Api.Tests.csproj", "{24E0C3F5-5357-4E48-9FD1-A4A405D5BA6B}"
EndProject
Project("{FAE04EC0-301F-11D3-BF4B-00C04F79EFBC}") = "ChangeBlog.Api.Localization", "src\ChangeBlog.Api.Localization\ChangeBlog.Api.Localization.csproj", "{1AE4DAC4-9F94-46F9-A2BF-CDB373DD491A}"
EndProject
Global
	GlobalSection(SolutionConfigurationPlatforms) = preSolution
		Debug|Any CPU = Debug|Any CPU
		Debug|x64 = Debug|x64
		Debug|x86 = Debug|x86
		Release|Any CPU = Release|Any CPU
		Release|x64 = Release|x64
		Release|x86 = Release|x86
	EndGlobalSection
	GlobalSection(ProjectConfigurationPlatforms) = postSolution
		{619C25E8-E2CB-4E62-8906-06C8209B7B2E}.Debug|Any CPU.ActiveCfg = Debug|Any CPU
		{619C25E8-E2CB-4E62-8906-06C8209B7B2E}.Debug|Any CPU.Build.0 = Debug|Any CPU
		{619C25E8-E2CB-4E62-8906-06C8209B7B2E}.Debug|x64.ActiveCfg = Debug|Any CPU
		{619C25E8-E2CB-4E62-8906-06C8209B7B2E}.Debug|x64.Build.0 = Debug|Any CPU
		{619C25E8-E2CB-4E62-8906-06C8209B7B2E}.Debug|x86.ActiveCfg = Debug|Any CPU
		{619C25E8-E2CB-4E62-8906-06C8209B7B2E}.Debug|x86.Build.0 = Debug|Any CPU
		{619C25E8-E2CB-4E62-8906-06C8209B7B2E}.Release|Any CPU.ActiveCfg = Release|Any CPU
		{619C25E8-E2CB-4E62-8906-06C8209B7B2E}.Release|Any CPU.Build.0 = Release|Any CPU
		{619C25E8-E2CB-4E62-8906-06C8209B7B2E}.Release|x64.ActiveCfg = Release|Any CPU
		{619C25E8-E2CB-4E62-8906-06C8209B7B2E}.Release|x64.Build.0 = Release|Any CPU
		{619C25E8-E2CB-4E62-8906-06C8209B7B2E}.Release|x86.ActiveCfg = Release|Any CPU
		{619C25E8-E2CB-4E62-8906-06C8209B7B2E}.Release|x86.Build.0 = Release|Any CPU
		{AF17C458-DA61-444B-8FD1-2DA827873995}.Debug|Any CPU.ActiveCfg = Debug|Any CPU
		{AF17C458-DA61-444B-8FD1-2DA827873995}.Debug|Any CPU.Build.0 = Debug|Any CPU
		{AF17C458-DA61-444B-8FD1-2DA827873995}.Debug|x64.ActiveCfg = Debug|Any CPU
		{AF17C458-DA61-444B-8FD1-2DA827873995}.Debug|x64.Build.0 = Debug|Any CPU
		{AF17C458-DA61-444B-8FD1-2DA827873995}.Debug|x86.ActiveCfg = Debug|Any CPU
		{AF17C458-DA61-444B-8FD1-2DA827873995}.Debug|x86.Build.0 = Debug|Any CPU
		{AF17C458-DA61-444B-8FD1-2DA827873995}.Release|Any CPU.ActiveCfg = Release|Any CPU
		{AF17C458-DA61-444B-8FD1-2DA827873995}.Release|Any CPU.Build.0 = Release|Any CPU
		{AF17C458-DA61-444B-8FD1-2DA827873995}.Release|x64.ActiveCfg = Release|Any CPU
		{AF17C458-DA61-444B-8FD1-2DA827873995}.Release|x64.Build.0 = Release|Any CPU
		{AF17C458-DA61-444B-8FD1-2DA827873995}.Release|x86.ActiveCfg = Release|Any CPU
		{AF17C458-DA61-444B-8FD1-2DA827873995}.Release|x86.Build.0 = Release|Any CPU
		{BB324F9A-369B-443E-880A-A504B39B7684}.Debug|Any CPU.ActiveCfg = Debug|Any CPU
		{BB324F9A-369B-443E-880A-A504B39B7684}.Debug|Any CPU.Build.0 = Debug|Any CPU
		{BB324F9A-369B-443E-880A-A504B39B7684}.Debug|x64.ActiveCfg = Debug|Any CPU
		{BB324F9A-369B-443E-880A-A504B39B7684}.Debug|x64.Build.0 = Debug|Any CPU
		{BB324F9A-369B-443E-880A-A504B39B7684}.Debug|x86.ActiveCfg = Debug|Any CPU
		{BB324F9A-369B-443E-880A-A504B39B7684}.Debug|x86.Build.0 = Debug|Any CPU
		{BB324F9A-369B-443E-880A-A504B39B7684}.Release|Any CPU.ActiveCfg = Release|Any CPU
		{BB324F9A-369B-443E-880A-A504B39B7684}.Release|Any CPU.Build.0 = Release|Any CPU
		{BB324F9A-369B-443E-880A-A504B39B7684}.Release|x64.ActiveCfg = Release|Any CPU
		{BB324F9A-369B-443E-880A-A504B39B7684}.Release|x64.Build.0 = Release|Any CPU
		{BB324F9A-369B-443E-880A-A504B39B7684}.Release|x86.ActiveCfg = Release|Any CPU
		{BB324F9A-369B-443E-880A-A504B39B7684}.Release|x86.Build.0 = Release|Any CPU
		{1199AF71-C574-4C62-AE37-4C53AADB1998}.Debug|Any CPU.ActiveCfg = Debug|Any CPU
		{1199AF71-C574-4C62-AE37-4C53AADB1998}.Debug|Any CPU.Build.0 = Debug|Any CPU
		{1199AF71-C574-4C62-AE37-4C53AADB1998}.Debug|x64.ActiveCfg = Debug|Any CPU
		{1199AF71-C574-4C62-AE37-4C53AADB1998}.Debug|x64.Build.0 = Debug|Any CPU
		{1199AF71-C574-4C62-AE37-4C53AADB1998}.Debug|x86.ActiveCfg = Debug|Any CPU
		{1199AF71-C574-4C62-AE37-4C53AADB1998}.Debug|x86.Build.0 = Debug|Any CPU
		{1199AF71-C574-4C62-AE37-4C53AADB1998}.Release|Any CPU.ActiveCfg = Release|Any CPU
		{1199AF71-C574-4C62-AE37-4C53AADB1998}.Release|Any CPU.Build.0 = Release|Any CPU
		{1199AF71-C574-4C62-AE37-4C53AADB1998}.Release|x64.ActiveCfg = Release|Any CPU
		{1199AF71-C574-4C62-AE37-4C53AADB1998}.Release|x64.Build.0 = Release|Any CPU
		{1199AF71-C574-4C62-AE37-4C53AADB1998}.Release|x86.ActiveCfg = Release|Any CPU
		{1199AF71-C574-4C62-AE37-4C53AADB1998}.Release|x86.Build.0 = Release|Any CPU
		{A3DC1BD0-8ABC-40F6-8D59-D35A983E2E80}.Debug|Any CPU.ActiveCfg = Debug|Any CPU
		{A3DC1BD0-8ABC-40F6-8D59-D35A983E2E80}.Debug|Any CPU.Build.0 = Debug|Any CPU
		{A3DC1BD0-8ABC-40F6-8D59-D35A983E2E80}.Debug|x64.ActiveCfg = Debug|Any CPU
		{A3DC1BD0-8ABC-40F6-8D59-D35A983E2E80}.Debug|x64.Build.0 = Debug|Any CPU
		{A3DC1BD0-8ABC-40F6-8D59-D35A983E2E80}.Debug|x86.ActiveCfg = Debug|Any CPU
		{A3DC1BD0-8ABC-40F6-8D59-D35A983E2E80}.Debug|x86.Build.0 = Debug|Any CPU
		{A3DC1BD0-8ABC-40F6-8D59-D35A983E2E80}.Release|Any CPU.ActiveCfg = Release|Any CPU
		{A3DC1BD0-8ABC-40F6-8D59-D35A983E2E80}.Release|Any CPU.Build.0 = Release|Any CPU
		{A3DC1BD0-8ABC-40F6-8D59-D35A983E2E80}.Release|x64.ActiveCfg = Release|Any CPU
		{A3DC1BD0-8ABC-40F6-8D59-D35A983E2E80}.Release|x64.Build.0 = Release|Any CPU
		{A3DC1BD0-8ABC-40F6-8D59-D35A983E2E80}.Release|x86.ActiveCfg = Release|Any CPU
		{A3DC1BD0-8ABC-40F6-8D59-D35A983E2E80}.Release|x86.Build.0 = Release|Any CPU
		{ECD69F9D-4D99-47B3-876B-160895D276F4}.Debug|Any CPU.ActiveCfg = Debug|Any CPU
		{ECD69F9D-4D99-47B3-876B-160895D276F4}.Debug|Any CPU.Build.0 = Debug|Any CPU
		{ECD69F9D-4D99-47B3-876B-160895D276F4}.Debug|x64.ActiveCfg = Debug|Any CPU
		{ECD69F9D-4D99-47B3-876B-160895D276F4}.Debug|x64.Build.0 = Debug|Any CPU
		{ECD69F9D-4D99-47B3-876B-160895D276F4}.Debug|x86.ActiveCfg = Debug|Any CPU
		{ECD69F9D-4D99-47B3-876B-160895D276F4}.Debug|x86.Build.0 = Debug|Any CPU
		{ECD69F9D-4D99-47B3-876B-160895D276F4}.Release|Any CPU.ActiveCfg = Release|Any CPU
		{ECD69F9D-4D99-47B3-876B-160895D276F4}.Release|Any CPU.Build.0 = Release|Any CPU
		{ECD69F9D-4D99-47B3-876B-160895D276F4}.Release|x64.ActiveCfg = Release|Any CPU
		{ECD69F9D-4D99-47B3-876B-160895D276F4}.Release|x64.Build.0 = Release|Any CPU
		{ECD69F9D-4D99-47B3-876B-160895D276F4}.Release|x86.ActiveCfg = Release|Any CPU
		{ECD69F9D-4D99-47B3-876B-160895D276F4}.Release|x86.Build.0 = Release|Any CPU
		{78BA5587-D5FC-4731-9668-B59FDFCD6BE6}.Debug|Any CPU.ActiveCfg = Debug|Any CPU
		{78BA5587-D5FC-4731-9668-B59FDFCD6BE6}.Debug|Any CPU.Build.0 = Debug|Any CPU
		{78BA5587-D5FC-4731-9668-B59FDFCD6BE6}.Debug|x64.ActiveCfg = Debug|Any CPU
		{78BA5587-D5FC-4731-9668-B59FDFCD6BE6}.Debug|x64.Build.0 = Debug|Any CPU
		{78BA5587-D5FC-4731-9668-B59FDFCD6BE6}.Debug|x86.ActiveCfg = Debug|Any CPU
		{78BA5587-D5FC-4731-9668-B59FDFCD6BE6}.Debug|x86.Build.0 = Debug|Any CPU
		{78BA5587-D5FC-4731-9668-B59FDFCD6BE6}.Release|Any CPU.ActiveCfg = Release|Any CPU
		{78BA5587-D5FC-4731-9668-B59FDFCD6BE6}.Release|Any CPU.Build.0 = Release|Any CPU
		{78BA5587-D5FC-4731-9668-B59FDFCD6BE6}.Release|x64.ActiveCfg = Release|Any CPU
		{78BA5587-D5FC-4731-9668-B59FDFCD6BE6}.Release|x64.Build.0 = Release|Any CPU
		{78BA5587-D5FC-4731-9668-B59FDFCD6BE6}.Release|x86.ActiveCfg = Release|Any CPU
		{78BA5587-D5FC-4731-9668-B59FDFCD6BE6}.Release|x86.Build.0 = Release|Any CPU
		{F71B8E92-872E-499E-953A-6C1BD0DFB081}.Debug|Any CPU.ActiveCfg = Debug|Any CPU
		{F71B8E92-872E-499E-953A-6C1BD0DFB081}.Debug|Any CPU.Build.0 = Debug|Any CPU
		{F71B8E92-872E-499E-953A-6C1BD0DFB081}.Debug|x64.ActiveCfg = Debug|Any CPU
		{F71B8E92-872E-499E-953A-6C1BD0DFB081}.Debug|x64.Build.0 = Debug|Any CPU
		{F71B8E92-872E-499E-953A-6C1BD0DFB081}.Debug|x86.ActiveCfg = Debug|Any CPU
		{F71B8E92-872E-499E-953A-6C1BD0DFB081}.Debug|x86.Build.0 = Debug|Any CPU
		{F71B8E92-872E-499E-953A-6C1BD0DFB081}.Release|Any CPU.ActiveCfg = Release|Any CPU
		{F71B8E92-872E-499E-953A-6C1BD0DFB081}.Release|Any CPU.Build.0 = Release|Any CPU
		{F71B8E92-872E-499E-953A-6C1BD0DFB081}.Release|x64.ActiveCfg = Release|Any CPU
		{F71B8E92-872E-499E-953A-6C1BD0DFB081}.Release|x64.Build.0 = Release|Any CPU
		{F71B8E92-872E-499E-953A-6C1BD0DFB081}.Release|x86.ActiveCfg = Release|Any CPU
		{F71B8E92-872E-499E-953A-6C1BD0DFB081}.Release|x86.Build.0 = Release|Any CPU
		{A06DD069-5241-40DA-98D9-A9317B36A2C0}.Debug|Any CPU.ActiveCfg = Debug|Any CPU
		{A06DD069-5241-40DA-98D9-A9317B36A2C0}.Debug|Any CPU.Build.0 = Debug|Any CPU
		{A06DD069-5241-40DA-98D9-A9317B36A2C0}.Debug|x64.ActiveCfg = Debug|Any CPU
		{A06DD069-5241-40DA-98D9-A9317B36A2C0}.Debug|x64.Build.0 = Debug|Any CPU
		{A06DD069-5241-40DA-98D9-A9317B36A2C0}.Debug|x86.ActiveCfg = Debug|Any CPU
		{A06DD069-5241-40DA-98D9-A9317B36A2C0}.Debug|x86.Build.0 = Debug|Any CPU
		{A06DD069-5241-40DA-98D9-A9317B36A2C0}.Release|Any CPU.ActiveCfg = Release|Any CPU
		{A06DD069-5241-40DA-98D9-A9317B36A2C0}.Release|Any CPU.Build.0 = Release|Any CPU
		{A06DD069-5241-40DA-98D9-A9317B36A2C0}.Release|x64.ActiveCfg = Release|Any CPU
		{A06DD069-5241-40DA-98D9-A9317B36A2C0}.Release|x64.Build.0 = Release|Any CPU
		{A06DD069-5241-40DA-98D9-A9317B36A2C0}.Release|x86.ActiveCfg = Release|Any CPU
		{A06DD069-5241-40DA-98D9-A9317B36A2C0}.Release|x86.Build.0 = Release|Any CPU
		{F9A8EB60-2746-465B-BB1E-0196F3815125}.Debug|Any CPU.ActiveCfg = Debug|Any CPU
		{F9A8EB60-2746-465B-BB1E-0196F3815125}.Debug|Any CPU.Build.0 = Debug|Any CPU
		{F9A8EB60-2746-465B-BB1E-0196F3815125}.Debug|x64.ActiveCfg = Debug|Any CPU
		{F9A8EB60-2746-465B-BB1E-0196F3815125}.Debug|x64.Build.0 = Debug|Any CPU
		{F9A8EB60-2746-465B-BB1E-0196F3815125}.Debug|x86.ActiveCfg = Debug|Any CPU
		{F9A8EB60-2746-465B-BB1E-0196F3815125}.Debug|x86.Build.0 = Debug|Any CPU
		{F9A8EB60-2746-465B-BB1E-0196F3815125}.Release|Any CPU.ActiveCfg = Release|Any CPU
		{F9A8EB60-2746-465B-BB1E-0196F3815125}.Release|Any CPU.Build.0 = Release|Any CPU
		{F9A8EB60-2746-465B-BB1E-0196F3815125}.Release|x64.ActiveCfg = Release|Any CPU
		{F9A8EB60-2746-465B-BB1E-0196F3815125}.Release|x64.Build.0 = Release|Any CPU
		{F9A8EB60-2746-465B-BB1E-0196F3815125}.Release|x86.ActiveCfg = Release|Any CPU
		{F9A8EB60-2746-465B-BB1E-0196F3815125}.Release|x86.Build.0 = Release|Any CPU
		{2FEF9410-940C-4BC4-9D12-BAA3EAD787F1}.Debug|Any CPU.ActiveCfg = Debug|Any CPU
		{2FEF9410-940C-4BC4-9D12-BAA3EAD787F1}.Debug|Any CPU.Build.0 = Debug|Any CPU
		{2FEF9410-940C-4BC4-9D12-BAA3EAD787F1}.Debug|x64.ActiveCfg = Debug|Any CPU
		{2FEF9410-940C-4BC4-9D12-BAA3EAD787F1}.Debug|x64.Build.0 = Debug|Any CPU
		{2FEF9410-940C-4BC4-9D12-BAA3EAD787F1}.Debug|x86.ActiveCfg = Debug|Any CPU
		{2FEF9410-940C-4BC4-9D12-BAA3EAD787F1}.Debug|x86.Build.0 = Debug|Any CPU
		{2FEF9410-940C-4BC4-9D12-BAA3EAD787F1}.Release|Any CPU.ActiveCfg = Release|Any CPU
		{2FEF9410-940C-4BC4-9D12-BAA3EAD787F1}.Release|Any CPU.Build.0 = Release|Any CPU
		{2FEF9410-940C-4BC4-9D12-BAA3EAD787F1}.Release|x64.ActiveCfg = Release|Any CPU
		{2FEF9410-940C-4BC4-9D12-BAA3EAD787F1}.Release|x64.Build.0 = Release|Any CPU
		{2FEF9410-940C-4BC4-9D12-BAA3EAD787F1}.Release|x86.ActiveCfg = Release|Any CPU
		{2FEF9410-940C-4BC4-9D12-BAA3EAD787F1}.Release|x86.Build.0 = Release|Any CPU
		{E59D8EDC-4D68-4857-9D4B-38B3F326542B}.Debug|Any CPU.ActiveCfg = Debug|Any CPU
		{E59D8EDC-4D68-4857-9D4B-38B3F326542B}.Debug|Any CPU.Build.0 = Debug|Any CPU
		{E59D8EDC-4D68-4857-9D4B-38B3F326542B}.Debug|x64.ActiveCfg = Debug|Any CPU
		{E59D8EDC-4D68-4857-9D4B-38B3F326542B}.Debug|x64.Build.0 = Debug|Any CPU
		{E59D8EDC-4D68-4857-9D4B-38B3F326542B}.Debug|x86.ActiveCfg = Debug|Any CPU
		{E59D8EDC-4D68-4857-9D4B-38B3F326542B}.Debug|x86.Build.0 = Debug|Any CPU
		{E59D8EDC-4D68-4857-9D4B-38B3F326542B}.Release|Any CPU.ActiveCfg = Release|Any CPU
		{E59D8EDC-4D68-4857-9D4B-38B3F326542B}.Release|Any CPU.Build.0 = Release|Any CPU
		{E59D8EDC-4D68-4857-9D4B-38B3F326542B}.Release|x64.ActiveCfg = Release|Any CPU
		{E59D8EDC-4D68-4857-9D4B-38B3F326542B}.Release|x64.Build.0 = Release|Any CPU
		{E59D8EDC-4D68-4857-9D4B-38B3F326542B}.Release|x86.ActiveCfg = Release|Any CPU
		{E59D8EDC-4D68-4857-9D4B-38B3F326542B}.Release|x86.Build.0 = Release|Any CPU
		{24E0C3F5-5357-4E48-9FD1-A4A405D5BA6B}.Debug|Any CPU.ActiveCfg = Debug|Any CPU
		{24E0C3F5-5357-4E48-9FD1-A4A405D5BA6B}.Debug|Any CPU.Build.0 = Debug|Any CPU
		{24E0C3F5-5357-4E48-9FD1-A4A405D5BA6B}.Debug|x64.ActiveCfg = Debug|Any CPU
		{24E0C3F5-5357-4E48-9FD1-A4A405D5BA6B}.Debug|x64.Build.0 = Debug|Any CPU
		{24E0C3F5-5357-4E48-9FD1-A4A405D5BA6B}.Debug|x86.ActiveCfg = Debug|Any CPU
		{24E0C3F5-5357-4E48-9FD1-A4A405D5BA6B}.Debug|x86.Build.0 = Debug|Any CPU
		{24E0C3F5-5357-4E48-9FD1-A4A405D5BA6B}.Release|Any CPU.ActiveCfg = Release|Any CPU
		{24E0C3F5-5357-4E48-9FD1-A4A405D5BA6B}.Release|Any CPU.Build.0 = Release|Any CPU
		{24E0C3F5-5357-4E48-9FD1-A4A405D5BA6B}.Release|x64.ActiveCfg = Release|Any CPU
		{24E0C3F5-5357-4E48-9FD1-A4A405D5BA6B}.Release|x64.Build.0 = Release|Any CPU
		{24E0C3F5-5357-4E48-9FD1-A4A405D5BA6B}.Release|x86.ActiveCfg = Release|Any CPU
		{24E0C3F5-5357-4E48-9FD1-A4A405D5BA6B}.Release|x86.Build.0 = Release|Any CPU
		{1AE4DAC4-9F94-46F9-A2BF-CDB373DD491A}.Debug|Any CPU.ActiveCfg = Debug|Any CPU
		{1AE4DAC4-9F94-46F9-A2BF-CDB373DD491A}.Debug|Any CPU.Build.0 = Debug|Any CPU
		{1AE4DAC4-9F94-46F9-A2BF-CDB373DD491A}.Debug|x64.ActiveCfg = Debug|Any CPU
		{1AE4DAC4-9F94-46F9-A2BF-CDB373DD491A}.Debug|x64.Build.0 = Debug|Any CPU
		{1AE4DAC4-9F94-46F9-A2BF-CDB373DD491A}.Debug|x86.ActiveCfg = Debug|Any CPU
		{1AE4DAC4-9F94-46F9-A2BF-CDB373DD491A}.Debug|x86.Build.0 = Debug|Any CPU
		{1AE4DAC4-9F94-46F9-A2BF-CDB373DD491A}.Release|Any CPU.ActiveCfg = Release|Any CPU
		{1AE4DAC4-9F94-46F9-A2BF-CDB373DD491A}.Release|Any CPU.Build.0 = Release|Any CPU
		{1AE4DAC4-9F94-46F9-A2BF-CDB373DD491A}.Release|x64.ActiveCfg = Release|Any CPU
		{1AE4DAC4-9F94-46F9-A2BF-CDB373DD491A}.Release|x64.Build.0 = Release|Any CPU
		{1AE4DAC4-9F94-46F9-A2BF-CDB373DD491A}.Release|x86.ActiveCfg = Release|Any CPU
		{1AE4DAC4-9F94-46F9-A2BF-CDB373DD491A}.Release|x86.Build.0 = Release|Any CPU
	EndGlobalSection
	GlobalSection(SolutionProperties) = preSolution
		HideSolutionNode = FALSE
	EndGlobalSection
	GlobalSection(NestedProjects) = preSolution
		{619C25E8-E2CB-4E62-8906-06C8209B7B2E} = {423A20CE-5392-4973-8C90-C3BDEB319B05}
		{AF17C458-DA61-444B-8FD1-2DA827873995} = {423A20CE-5392-4973-8C90-C3BDEB319B05}
		{BB324F9A-369B-443E-880A-A504B39B7684} = {423A20CE-5392-4973-8C90-C3BDEB319B05}
		{1199AF71-C574-4C62-AE37-4C53AADB1998} = {423A20CE-5392-4973-8C90-C3BDEB319B05}
		{A3DC1BD0-8ABC-40F6-8D59-D35A983E2E80} = {6277CDA3-825B-4CFF-9012-5B2934F75BE6}
		{ECD69F9D-4D99-47B3-876B-160895D276F4} = {6277CDA3-825B-4CFF-9012-5B2934F75BE6}
		{78BA5587-D5FC-4731-9668-B59FDFCD6BE6} = {6277CDA3-825B-4CFF-9012-5B2934F75BE6}
		{F71B8E92-872E-499E-953A-6C1BD0DFB081} = {6277CDA3-825B-4CFF-9012-5B2934F75BE6}
		{A06DD069-5241-40DA-98D9-A9317B36A2C0} = {423A20CE-5392-4973-8C90-C3BDEB319B05}
		{F9A8EB60-2746-465B-BB1E-0196F3815125} = {423A20CE-5392-4973-8C90-C3BDEB319B05}
		{2FEF9410-940C-4BC4-9D12-BAA3EAD787F1} = {423A20CE-5392-4973-8C90-C3BDEB319B05}
		{E59D8EDC-4D68-4857-9D4B-38B3F326542B} = {6277CDA3-825B-4CFF-9012-5B2934F75BE6}
		{24E0C3F5-5357-4E48-9FD1-A4A405D5BA6B} = {6277CDA3-825B-4CFF-9012-5B2934F75BE6}
		{1AE4DAC4-9F94-46F9-A2BF-CDB373DD491A} = {423A20CE-5392-4973-8C90-C3BDEB319B05}
	EndGlobalSection
	GlobalSection(ExtensibilityGlobals) = postSolution
		SolutionGuid = {6DCFFA94-033D-44D8-8DE2-6605E2E2C5D9}
	EndGlobalSection
EndGlobal
